
Microsoft Visual Studio Solution File, Format Version 12.00
# Visual Studio Version 16
VisualStudioVersion = 16.0.32413.511
MinimumVisualStudioVersion = 10.0.40219.1
Project("{FAE04EC0-301F-11D3-BF4B-00C04F79EFBC}") = "Upload Utility", "Upload Utility\Upload Utility.csproj", "{22396D68-9505-4728-A180-9BCB76FBD24D}"
EndProject
Project("{FAE04EC0-301F-11D3-BF4B-00C04F79EFBC}") = "UploadUtility.Business", "UploadUtility.Business\UploadUtility.Business.csproj", "{A7291AF0-D82A-49FB-84A4-4CF1BA4C1ECB}"
EndProject
Global
	GlobalSection(SolutionConfigurationPlatforms) = preSolution
		Debug|Any CPU = Debug|Any CPU
		Release|Any CPU = Release|Any CPU
	EndGlobalSection
	GlobalSection(ProjectConfigurationPlatforms) = postSolution
		{22396D68-9505-4728-A180-9BCB76FBD24D}.Debug|Any CPU.ActiveCfg = Debug|Any CPU
		{22396D68-9505-4728-A180-9BCB76FBD24D}.Debug|Any CPU.Build.0 = Debug|Any CPU
		{22396D68-9505-4728-A180-9BCB76FBD24D}.Release|Any CPU.ActiveCfg = Release|Any CPU
		{22396D68-9505-4728-A180-9BCB76FBD24D}.Release|Any CPU.Build.0 = Release|Any CPU
		{A7291AF0-D82A-49FB-84A4-4CF1BA4C1ECB}.Debug|Any CPU.ActiveCfg = Debug|Any CPU
		{A7291AF0-D82A-49FB-84A4-4CF1BA4C1ECB}.Debug|Any CPU.Build.0 = Debug|Any CPU
		{A7291AF0-D82A-49FB-84A4-4CF1BA4C1ECB}.Release|Any CPU.ActiveCfg = Release|Any CPU
		{A7291AF0-D82A-49FB-84A4-4CF1BA4C1ECB}.Release|Any CPU.Build.0 = Release|Any CPU
	EndGlobalSection
	GlobalSection(SolutionProperties) = preSolution
		HideSolutionNode = FALSE
	EndGlobalSection
	GlobalSection(ExtensibilityGlobals) = postSolution
		SolutionGuid = {7AC9BB44-893D-48D9-83E8-50802DC3FD9C}
	EndGlobalSection
EndGlobal
